// !$*UTF8*$!
{
	archiveVersion = 1;
	classes = {
	};
	objectVersion = 46;
	objects = {

/* Begin PBXBuildFile section */
		310C28C01DF755E90043CA04 /* AppDelegate.swift in Sources */ = {isa = PBXBuildFile; fileRef = 310C28BF1DF755E90043CA04 /* AppDelegate.swift */; };
		310C28C21DF755E90043CA04 /* RecordSoundVC.swift in Sources */ = {isa = PBXBuildFile; fileRef = 310C28C11DF755E90043CA04 /* RecordSoundVC.swift */; };
		310C28C51DF755E90043CA04 /* Main.storyboard in Resources */ = {isa = PBXBuildFile; fileRef = 310C28C31DF755E90043CA04 /* Main.storyboard */; };
		310C28C71DF755E90043CA04 /* Assets.xcassets in Resources */ = {isa = PBXBuildFile; fileRef = 310C28C61DF755E90043CA04 /* Assets.xcassets */; };
		310C28CA1DF755E90043CA04 /* LaunchScreen.storyboard in Resources */ = {isa = PBXBuildFile; fileRef = 310C28C81DF755E90043CA04 /* LaunchScreen.storyboard */; };
		310C28D21DF75F6E0043CA04 /* PlaySoundVC.swift in Sources */ = {isa = PBXBuildFile; fileRef = 310C28D11DF75F6E0043CA04 /* PlaySoundVC.swift */; };
		310C28D41DF76D520043CA04 /* PlaySoundsViewController+Audio.swift in Sources */ = {isa = PBXBuildFile; fileRef = 310C28D31DF76D520043CA04 /* PlaySoundsViewController+Audio.swift */; };
/* End PBXBuildFile section */

/* Begin PBXFileReference section */
		310C28BC1DF755E90043CA04 /* PitchPerfect.app */ = {isa = PBXFileReference; explicitFileType = wrapper.application; includeInIndex = 0; path = PitchPerfect.app; sourceTree = BUILT_PRODUCTS_DIR; };
		310C28BF1DF755E90043CA04 /* AppDelegate.swift */ = {isa = PBXFileReference; lastKnownFileType = sourcecode.swift; path = AppDelegate.swift; sourceTree = "<group>"; };
		310C28C11DF755E90043CA04 /* RecordSoundVC.swift */ = {isa = PBXFileReference; lastKnownFileType = sourcecode.swift; path = RecordSoundVC.swift; sourceTree = "<group>"; };
		310C28C41DF755E90043CA04 /* Base */ = {isa = PBXFileReference; lastKnownFileType = file.storyboard; name = Base; path = Base.lproj/Main.storyboard; sourceTree = "<group>"; };
		310C28C61DF755E90043CA04 /* Assets.xcassets */ = {isa = PBXFileReference; lastKnownFileType = folder.assetcatalog; path = Assets.xcassets; sourceTree = "<group>"; };
		310C28C91DF755E90043CA04 /* Base */ = {isa = PBXFileReference; lastKnownFileType = file.storyboard; name = Base; path = Base.lproj/LaunchScreen.storyboard; sourceTree = "<group>"; };
		310C28CB1DF755E90043CA04 /* Info.plist */ = {isa = PBXFileReference; lastKnownFileType = text.plist.xml; path = Info.plist; sourceTree = "<group>"; };
		310C28D11DF75F6E0043CA04 /* PlaySoundVC.swift */ = {isa = PBXFileReference; fileEncoding = 4; lastKnownFileType = sourcecode.swift; path = PlaySoundVC.swift; sourceTree = "<group>"; };
		310C28D31DF76D520043CA04 /* PlaySoundsViewController+Audio.swift */ = {isa = PBXFileReference; fileEncoding = 4; lastKnownFileType = sourcecode.swift; path = "PlaySoundsViewController+Audio.swift"; sourceTree = "<group>"; };
/* End PBXFileReference section */

/* Begin PBXFrameworksBuildPhase section */
		310C28B91DF755E80043CA04 /* Frameworks */ = {
			isa = PBXFrameworksBuildPhase;
			buildActionMask = 2147483647;
			files = (
			);
			runOnlyForDeploymentPostprocessing = 0;
		};
/* End PBXFrameworksBuildPhase section */

/* Begin PBXGroup section */
		310C28B31DF755E80043CA04 = {
			isa = PBXGroup;
			children = (
				310C28BE1DF755E90043CA04 /* PitchPerfect */,
				310C28BD1DF755E90043CA04 /* Products */,
			);
			sourceTree = "<group>";
		};
		310C28BD1DF755E90043CA04 /* Products */ = {
			isa = PBXGroup;
			children = (
				310C28BC1DF755E90043CA04 /* PitchPerfect.app */,
			);
			name = Products;
			sourceTree = "<group>";
		};
		310C28BE1DF755E90043CA04 /* PitchPerfect */ = {
			isa = PBXGroup;
			children = (
				310C28BF1DF755E90043CA04 /* AppDelegate.swift */,
				310C28C11DF755E90043CA04 /* RecordSoundVC.swift */,
				310C28D11DF75F6E0043CA04 /* PlaySoundVC.swift */,
				310C28C31DF755E90043CA04 /* Main.storyboard */,
				310C28D31DF76D520043CA04 /* PlaySoundsViewController+Audio.swift */,
				310C28C61DF755E90043CA04 /* Assets.xcassets */,
				310C28C81DF755E90043CA04 /* LaunchScreen.storyboard */,
				310C28CB1DF755E90043CA04 /* Info.plist */,
			);
			path = PitchPerfect;
			sourceTree = "<group>";
		};
/* End PBXGroup section */

/* Begin PBXNativeTarget section */
		310C28BB1DF755E80043CA04 /* PitchPerfect */ = {
			isa = PBXNativeTarget;
			buildConfigurationList = 310C28CE1DF755E90043CA04 /* Build configuration list for PBXNativeTarget "PitchPerfect" */;
			buildPhases = (
				310C28B81DF755E80043CA04 /* Sources */,
				310C28B91DF755E80043CA04 /* Frameworks */,
				310C28BA1DF755E80043CA04 /* Resources */,
			);
			buildRules = (
			);
			dependencies = (
			);
			name = PitchPerfect;
			productName = PitchPerfect;
			productReference = 310C28BC1DF755E90043CA04 /* PitchPerfect.app */;
			productType = "com.apple.product-type.application";
		};
/* End PBXNativeTarget section */

/* Begin PBXProject section */
		310C28B41DF755E80043CA04 /* Project object */ = {
			isa = PBXProject;
			attributes = {
				LastSwiftUpdateCheck = 0810;
				LastUpgradeCheck = 0810;
				ORGANIZATIONNAME = "Dandre Ealy";
				TargetAttributes = {
					310C28BB1DF755E80043CA04 = {
						CreatedOnToolsVersion = 8.1;
						DevelopmentTeam = W26XJUCE66;
						ProvisioningStyle = Automatic;
					};
				};
			};
			buildConfigurationList = 310C28B71DF755E80043CA04 /* Build configuration list for PBXProject "PitchPerfect" */;
			compatibilityVersion = "Xcode 3.2";
			developmentRegion = English;
			hasScannedForEncodings = 0;
			knownRegions = (
				en,
				Base,
			);
			mainGroup = 310C28B31DF755E80043CA04;
			productRefGroup = 310C28BD1DF755E90043CA04 /* Products */;
			projectDirPath = "";
			projectRoot = "";
			targets = (
				310C28BB1DF755E80043CA04 /* PitchPerfect */,
			);
		};
/* End PBXProject section */

/* Begin PBXResourcesBuildPhase section */
		310C28BA1DF755E80043CA04 /* Resources */ = {
			isa = PBXResourcesBuildPhase;
			buildActionMask = 2147483647;
			files = (
				310C28CA1DF755E90043CA04 /* LaunchScreen.storyboard in Resources */,
				310C28C71DF755E90043CA04 /* Assets.xcassets in Resources */,
				310C28C51DF755E90043CA04 /* Main.storyboard in Resources */,
			);
			runOnlyForDeploymentPostprocessing = 0;
		};
/* End PBXResourcesBuildPhase section */

/* Begin PBXSourcesBuildPhase section */
		310C28B81DF755E80043CA04 /* Sources */ = {
			isa = PBXSourcesBuildPhase;
			buildActionMask = 2147483647;
			files = (
				310C28C21DF755E90043CA04 /* RecordSoundVC.swift in Sources */,
				310C28D41DF76D520043CA04 /* PlaySoundsViewController+Audio.swift in Sources */,
				310C28D21DF75F6E0043CA04 /* PlaySoundVC.swift in Sources */,
				310C28C01DF755E90043CA04 /* AppDelegate.swift in Sources */,
			);
			runOnlyForDeploymentPostprocessing = 0;
		};
/* End PBXSourcesBuildPhase section */

/* Begin PBXVariantGroup section */
		310C28C31DF755E90043CA04 /* Main.storyboard */ = {
			isa = PBXVariantGroup;
			children = (
				310C28C41DF755E90043CA04 /* Base */,
			);
			name = Main.storyboard;
			sourceTree = "<group>";
		};
		310C28C81DF755E90043CA04 /* LaunchScreen.storyboard */ = {
			isa = PBXVariantGroup;
			children = (
				310C28C91DF755E90043CA04 /* Base */,
			);
			name = LaunchScreen.storyboard;
			sourceTree = "<group>";
		};
/* End PBXVariantGroup section */

/* Begin XCBuildConfiguration section */
		310C28CC1DF755E90043CA04 /* Debug */ = {
			isa = XCBuildConfiguration;
			buildSettings = {
				ALWAYS_SEARCH_USER_PATHS = NO;
				CLANG_ANALYZER_NONNULL = YES;
				CLANG_CXX_LANGUAGE_STANDARD = "gnu++0x";
				CLANG_CXX_LIBRARY = "libc++";
				CLANG_ENABLE_MODULES = YES;
				CLANG_ENABLE_OBJC_ARC = YES;
				CLANG_WARN_BOOL_CONVERSION = YES;
				CLANG_WARN_CONSTANT_CONVERSION = YES;
				CLANG_WARN_DIRECT_OBJC_ISA_USAGE = YES_ERROR;
				CLANG_WARN_DOCUMENTATION_COMMENTS = YES;
				CLANG_WARN_EMPTY_BODY = YES;
				CLANG_WARN_ENUM_CONVERSION = YES;
				CLANG_WARN_INFINITE_RECURSION = YES;
				CLANG_WARN_INT_CONVERSION = YES;
				CLANG_WARN_OBJC_ROOT_CLASS = YES_ERROR;
				CLANG_WARN_SUSPICIOUS_MOVES = YES;
				CLANG_WARN_UNREACHABLE_CODE = YES;
				CLANG_WARN__DUPLICATE_METHOD_MATCH = YES;
				"CODE_SIGN_IDENTITY[sdk=iphoneos*]" = "iPhone Developer";
				COPY_PHASE_STRIP = NO;
				DEBUG_INFORMATION_FORMAT = dwarf;
				ENABLE_STRICT_OBJC_MSGSEND = YES;
				ENABLE_TESTABILITY = YES;
				GCC_C_LANGUAGE_STANDARD = gnu99;
				GCC_DYNAMIC_NO_PIC = NO;
				GCC_NO_COMMON_BLOCKS = YES;
				GCC_OPTIMIZATION_LEVEL = 0;
				GCC_PREPROCESSOR_DEFINITIONS = (
					"DEBUG=1",
					"$(inherited)",
				);
				GCC_WARN_64_TO_32_BIT_CONVERSION = YES;
				GCC_WARN_ABOUT_RETURN_TYPE = YES_ERROR;
				GCC_WARN_UNDECLARED_SELECTOR = YES;
				GCC_WARN_UNINITIALIZED_AUTOS = YES_AGGRESSIVE;
				GCC_WARN_UNUSED_FUNCTION = YES;
				GCC_WARN_UNUSED_VARIABLE = YES;
				IPHONEOS_DEPLOYMENT_TARGET = 10.1;
				MTL_ENABLE_DEBUG_INFO = YES;
				ONLY_ACTIVE_ARCH = YES;
				SDKROOT = iphoneos;
				SWIFT_ACTIVE_COMPILATION_CONDITIONS = DEBUG;
				SWIFT_OPTIMIZATION_LEVEL = "-Onone";
				TARGETED_DEVICE_FAMILY = "1,2";
			};
			name = Debug;
		};
		310C28CD1DF755E90043CA04 /* Release */ = {
			isa = XCBuildConfiguration;
			buildSettings = {
				ALWAYS_SEARCH_USER_PATHS = NO;
				CLANG_ANALYZER_NONNULL = YES;
				CLANG_CXX_LANGUAGE_STANDARD = "gnu++0x";
				CLANG_CXX_LIBRARY = "libc++";
				CLANG_ENABLE_MODULES = YES;
				CLANG_ENABLE_OBJC_ARC = YES;
				CLANG_WARN_BOOL_CONVERSION = YES;
				CLANG_WARN_CONSTANT_CONVERSION = YES;
				CLANG_WARN_DIRECT_OBJC_ISA_USAGE = YES_ERROR;
				CLANG_WARN_DOCUMENTATION_COMMENTS = YES;
				CLANG_WARN_EMPTY_BODY = YES;
				CLANG_WARN_ENUM_CONVERSION = YES;
				CLANG_WARN_INFINITE_RECURSION = YES;
				CLANG_WARN_INT_CONVERSION = YES;
				CLANG_WARN_OBJC_ROOT_CLASS = YES_ERROR;
				CLANG_WARN_SUSPICIOUS_MOVES = YES;
				CLANG_WARN_UNREACHABLE_CODE = YES;
				CLANG_WARN__DUPLICATE_METHOD_MATCH = YES;
				"CODE_SIGN_IDENTITY[sdk=iphoneos*]" = "iPhone Developer";
				COPY_PHASE_STRIP = NO;
				DEBUG_INFORMATION_FORMAT = "dwarf-with-dsym";
				ENABLE_NS_ASSERTIONS = NO;
				ENABLE_STRICT_OBJC_MSGSEND = YES;
				GCC_C_LANGUAGE_STANDARD = gnu99;
				GCC_NO_COMMON_BLOCKS = YES;
				GCC_WARN_64_TO_32_BIT_CONVERSION = YES;
				GCC_WARN_ABOUT_RETURN_TYPE = YES_ERROR;
				GCC_WARN_UNDECLARED_SELECTOR = YES;
				GCC_WARN_UNINITIALIZED_AUTOS = YES_AGGRESSIVE;
				GCC_WARN_UNUSED_FUNCTION = YES;
				GCC_WARN_UNUSED_VARIABLE = YES;
				IPHONEOS_DEPLOYMENT_TARGET = 10.1;
				MTL_ENABLE_DEBUG_INFO = NO;
				SDKROOT = iphoneos;
				SWIFT_OPTIMIZATION_LEVEL = "-Owholemodule";
				TARGETED_DEVICE_FAMILY = "1,2";
				VALIDATE_PRODUCT = YES;
			};
			name = Release;
		};
		310C28CF1DF755E90043CA04 /* Debug */ = {
			isa = XCBuildConfiguration;
			buildSettings = {
				ASSETCATALOG_COMPILER_APPICON_NAME = AppIcon;
				DEVELOPMENT_TEAM = W26XJUCE66;
				INFOPLIST_FILE = PitchPerfect/Info.plist;
				LD_RUNPATH_SEARCH_PATHS = "$(inherited) @executable_path/Frameworks";
				PRODUCT_BUNDLE_IDENTIFIER = puricode.PitchPerfect;
				PRODUCT_NAME = "$(TARGET_NAME)";
				SWIFT_VERSION = 3.0;
			};
			name = Debug;
		};
		310C28D01DF755E90043CA04 /* Release */ = {
			isa = XCBuildConfiguration;
			buildSettings = {
				ASSETCATALOG_COMPILER_APPICON_NAME = AppIcon;
				DEVELOPMENT_TEAM = W26XJUCE66;
				INFOPLIST_FILE = PitchPerfect/Info.plist;
				LD_RUNPATH_SEARCH_PATHS = "$(inherited) @executable_path/Frameworks";
				PRODUCT_BUNDLE_IDENTIFIER = puricode.PitchPerfect;
				PRODUCT_NAME = "$(TARGET_NAME)";
				SWIFT_VERSION = 3.0;
			};
			name = Release;
		};
/* End XCBuildConfiguration section */

/* Begin XCConfigurationList section */
		310C28B71DF755E80043CA04 /* Build configuration list for PBXProject "PitchPerfect" */ = {
			isa = XCConfigurationList;
			buildConfigurations = (
				310C28CC1DF755E90043CA04 /* Debug */,
				310C28CD1DF755E90043CA04 /* Release */,
			);
			defaultConfigurationIsVisible = 0;
			defaultConfigurationName = Release;
		};
		310C28CE1DF755E90043CA04 /* Build configuration list for PBXNativeTarget "PitchPerfect" */ = {
			isa = XCConfigurationList;
			buildConfigurations = (
				310C28CF1DF755E90043CA04 /* Debug */,
				310C28D01DF755E90043CA04 /* Release */,
			);
			defaultConfigurationIsVisible = 0;
		};
/* End XCConfigurationList section */
	};
	rootObject = 310C28B41DF755E80043CA04 /* Project object */;
}
